
Microsoft Visual Studio Solution File, Format Version 12.00
# Visual Studio Version 17
VisualStudioVersion = 17.0.31919.166
MinimumVisualStudioVersion = 10.0.40219.1
Project("{9A19103F-16F7-4668-BE54-9A1E7A4F7556}") = "DesignPatterns.Strategy", "strategy\DesignPatterns.Strategy.csproj", "{8CB418B0-BB08-4B7A-B768-C29FCF1E959B}"
EndProject
Project("{2150E333-8FDC-42A3-9474-1A3956D46DE8}") = "Solution Items", "Solution Items", "{9CBEBDAD-D724-4987-AFC4-42EC0D2BA133}"
	ProjectSection(SolutionItems) = preProject
		design-patterns.html = design-patterns.html
		patterns.json = patterns.json
		patterns.yaml = patterns.yaml
	EndProjectSection
EndProject
Project("{9A19103F-16F7-4668-BE54-9A1E7A4F7556}") = "DesignPatterns.Command", "DesignPatterns.Command\DesignPatterns.Command.csproj", "{E7105765-62A3-495A-9B0B-B9406177FCA8}"
EndProject
Project("{9A19103F-16F7-4668-BE54-9A1E7A4F7556}") = "DesignPatterns.OpenTelemetry", "DesignPatterns.OpenTelemetry\DesignPatterns.OpenTelemetry.csproj", "{183A3B05-C707-4C61-868D-48DE07048E27}"
EndProject
Project("{9A19103F-16F7-4668-BE54-9A1E7A4F7556}") = "DesignPatterns.AzureRestApi", "DesignPatterns.AzureRestApi\DesignPatterns.AzureRestApi.csproj", "{5D0D8A33-2F0B-43E0-860A-6EF7742F0A20}"
EndProject
Project("{9A19103F-16F7-4668-BE54-9A1E7A4F7556}") = "DesignPatterns.HttpClientIssue", "DesignPatterns.HttpClientIssue\DesignPatterns.HttpClientIssue.csproj", "{03378E0A-C48A-4229-90B0-06E6DF8B5C95}"
EndProject
Project("{FAE04EC0-301F-11D3-BF4B-00C04F79EFBC}") = "TestNetClient", "TestNetClient\TestNetClient.csproj", "{9D1FFC75-6B38-44E5-BB1A-A12D47F3DC58}"
EndProject
Project("{9A19103F-16F7-4668-BE54-9A1E7A4F7556}") = "CaptureRAWRequest", "CaptureRAWRequest\CaptureRAWRequest.csproj", "{BD1728BD-5C21-439A-B279-A4CABAF25AF7}"
EndProject
Project("{FAE04EC0-301F-11D3-BF4B-00C04F79EFBC}") = "DesignPatternsSampleCode", "DesignPatternsSampleCode\DesignPatternsSampleCode.csproj", "{AF09E902-374E-478B-A835-82CF31974C13}"
EndProject
Project("{FAE04EC0-301F-11D3-BF4B-00C04F79EFBC}") = "ConsoleApp1", "ConsoleApp1\ConsoleApp1.csproj", "{E63C3A22-D7FB-49F4-BF3A-AA95359342D8}"
EndProject
Global
	GlobalSection(SolutionConfigurationPlatforms) = preSolution
		Debug|Any CPU = Debug|Any CPU
		Release|Any CPU = Release|Any CPU
	EndGlobalSection
	GlobalSection(ProjectConfigurationPlatforms) = postSolution
		{8CB418B0-BB08-4B7A-B768-C29FCF1E959B}.Debug|Any CPU.ActiveCfg = Debug|Any CPU
		{8CB418B0-BB08-4B7A-B768-C29FCF1E959B}.Debug|Any CPU.Build.0 = Debug|Any CPU
		{8CB418B0-BB08-4B7A-B768-C29FCF1E959B}.Release|Any CPU.ActiveCfg = Release|Any CPU
		{8CB418B0-BB08-4B7A-B768-C29FCF1E959B}.Release|Any CPU.Build.0 = Release|Any CPU
		{E7105765-62A3-495A-9B0B-B9406177FCA8}.Debug|Any CPU.ActiveCfg = Debug|Any CPU
		{E7105765-62A3-495A-9B0B-B9406177FCA8}.Debug|Any CPU.Build.0 = Debug|Any CPU
		{E7105765-62A3-495A-9B0B-B9406177FCA8}.Release|Any CPU.ActiveCfg = Release|Any CPU
		{E7105765-62A3-495A-9B0B-B9406177FCA8}.Release|Any CPU.Build.0 = Release|Any CPU
		{183A3B05-C707-4C61-868D-48DE07048E27}.Debug|Any CPU.ActiveCfg = Debug|Any CPU
		{183A3B05-C707-4C61-868D-48DE07048E27}.Debug|Any CPU.Build.0 = Debug|Any CPU
		{183A3B05-C707-4C61-868D-48DE07048E27}.Release|Any CPU.ActiveCfg = Release|Any CPU
		{183A3B05-C707-4C61-868D-48DE07048E27}.Release|Any CPU.Build.0 = Release|Any CPU
		{5D0D8A33-2F0B-43E0-860A-6EF7742F0A20}.Debug|Any CPU.ActiveCfg = Debug|Any CPU
		{5D0D8A33-2F0B-43E0-860A-6EF7742F0A20}.Debug|Any CPU.Build.0 = Debug|Any CPU
		{5D0D8A33-2F0B-43E0-860A-6EF7742F0A20}.Release|Any CPU.ActiveCfg = Release|Any CPU
		{5D0D8A33-2F0B-43E0-860A-6EF7742F0A20}.Release|Any CPU.Build.0 = Release|Any CPU
		{03378E0A-C48A-4229-90B0-06E6DF8B5C95}.Debug|Any CPU.ActiveCfg = Debug|Any CPU
		{03378E0A-C48A-4229-90B0-06E6DF8B5C95}.Debug|Any CPU.Build.0 = Debug|Any CPU
		{03378E0A-C48A-4229-90B0-06E6DF8B5C95}.Release|Any CPU.ActiveCfg = Release|Any CPU
		{03378E0A-C48A-4229-90B0-06E6DF8B5C95}.Release|Any CPU.Build.0 = Release|Any CPU
		{9D1FFC75-6B38-44E5-BB1A-A12D47F3DC58}.Debug|Any CPU.ActiveCfg = Debug|Any CPU
		{9D1FFC75-6B38-44E5-BB1A-A12D47F3DC58}.Debug|Any CPU.Build.0 = Debug|Any CPU
		{9D1FFC75-6B38-44E5-BB1A-A12D47F3DC58}.Release|Any CPU.ActiveCfg = Release|Any CPU
		{9D1FFC75-6B38-44E5-BB1A-A12D47F3DC58}.Release|Any CPU.Build.0 = Release|Any CPU
		{BD1728BD-5C21-439A-B279-A4CABAF25AF7}.Debug|Any CPU.ActiveCfg = Debug|Any CPU
		{BD1728BD-5C21-439A-B279-A4CABAF25AF7}.Debug|Any CPU.Build.0 = Debug|Any CPU
		{BD1728BD-5C21-439A-B279-A4CABAF25AF7}.Release|Any CPU.ActiveCfg = Release|Any CPU
		{BD1728BD-5C21-439A-B279-A4CABAF25AF7}.Release|Any CPU.Build.0 = Release|Any CPU
		{AF09E902-374E-478B-A835-82CF31974C13}.Debug|Any CPU.ActiveCfg = Debug|Any CPU
		{AF09E902-374E-478B-A835-82CF31974C13}.Debug|Any CPU.Build.0 = Debug|Any CPU
		{AF09E902-374E-478B-A835-82CF31974C13}.Release|Any CPU.ActiveCfg = Release|Any CPU
		{AF09E902-374E-478B-A835-82CF31974C13}.Release|Any CPU.Build.0 = Release|Any CPU
		{E63C3A22-D7FB-49F4-BF3A-AA95359342D8}.Debug|Any CPU.ActiveCfg = Debug|Any CPU
		{E63C3A22-D7FB-49F4-BF3A-AA95359342D8}.Debug|Any CPU.Build.0 = Debug|Any CPU
		{E63C3A22-D7FB-49F4-BF3A-AA95359342D8}.Release|Any CPU.ActiveCfg = Release|Any CPU
		{E63C3A22-D7FB-49F4-BF3A-AA95359342D8}.Release|Any CPU.Build.0 = Release|Any CPU
	EndGlobalSection
	GlobalSection(SolutionProperties) = preSolution
		HideSolutionNode = FALSE
	EndGlobalSection
	GlobalSection(ExtensibilityGlobals) = postSolution
		SolutionGuid = {B710A44F-0B6A-4295-9551-B863673A10C4}
	EndGlobalSection
EndGlobal
